// !$*UTF8*$!
{
	archiveVersion = 1;
	classes = {
	};
	objectVersion = 46;
	objects = {

/* Begin PBXBuildFile section */
		6E5DA6131D37404200700D6D /* AppDelegate.swift in Sources */ = {isa = PBXBuildFile; fileRef = 6E5DA6121D37404200700D6D /* AppDelegate.swift */; };
		6E5DA61A1D37404200700D6D /* Main.storyboard in Resources */ = {isa = PBXBuildFile; fileRef = 6E5DA6181D37404200700D6D /* Main.storyboard */; };
		6E5DA61C1D37404200700D6D /* Assets.xcassets in Resources */ = {isa = PBXBuildFile; fileRef = 6E5DA61B1D37404200700D6D /* Assets.xcassets */; };
		6E5DA61F1D37404200700D6D /* LaunchScreen.storyboard in Resources */ = {isa = PBXBuildFile; fileRef = 6E5DA61D1D37404200700D6D /* LaunchScreen.storyboard */; };
		6E5DA6271D37419C00700D6D /* PeripheralsViewController.swift in Sources */ = {isa = PBXBuildFile; fileRef = 6E5DA6261D37419C00700D6D /* PeripheralsViewController.swift */; };
		6E5DA62B1D37424E00700D6D /* GATTProfile.swift in Sources */ = {isa = PBXBuildFile; fileRef = 6E5DA62A1D37424E00700D6D /* GATTProfile.swift */; };
		6E5DA62D1D3742FF00700D6D /* Bool.swift in Sources */ = {isa = PBXBuildFile; fileRef = 6E5DA62C1D3742FF00700D6D /* Bool.swift */; };
		6E5DA62F1D374B3500700D6D /* Beacon.swift in Sources */ = {isa = PBXBuildFile; fileRef = 6E5DA62E1D374B3500700D6D /* Beacon.swift */; };
		6E5DA64A1D374F7B00700D6D /* main.swift in Sources */ = {isa = PBXBuildFile; fileRef = 6E5DA6341D374C3800700D6D /* main.swift */; };
		6E5DA64B1D374F7B00700D6D /* PeripheralController.swift in Sources */ = {isa = PBXBuildFile; fileRef = 6E5DA6351D374C7000700D6D /* PeripheralController.swift */; };
		6E5DA64C1D374F7B00700D6D /* Beacon.swift in Sources */ = {isa = PBXBuildFile; fileRef = 6E5DA62E1D374B3500700D6D /* Beacon.swift */; };
		6E5DA64D1D374F7B00700D6D /* GATTProfile.swift in Sources */ = {isa = PBXBuildFile; fileRef = 6E5DA62A1D37424E00700D6D /* GATTProfile.swift */; };
		6E5DA64E1D374F7B00700D6D /* Bool.swift in Sources */ = {isa = PBXBuildFile; fileRef = 6E5DA62C1D3742FF00700D6D /* Bool.swift */; };
		6E5DA64F1D374F7B00700D6D /* SunXi.swift in Sources */ = {isa = PBXBuildFile; fileRef = 6E5DA6301D374BFE00700D6D /* SunXi.swift */; };
		6E5DA6501D374F7B00700D6D /* SwiftyGPIO.swift in Sources */ = {isa = PBXBuildFile; fileRef = 6E5DA6311D374BFE00700D6D /* SwiftyGPIO.swift */; };
		6E5DA6561D3757AB00700D6D /* Observable.swift in Sources */ = {isa = PBXBuildFile; fileRef = 6E5DA6541D3757AB00700D6D /* Observable.swift */; };
		6E5DA6571D3757AB00700D6D /* PeripheralManager.swift in Sources */ = {isa = PBXBuildFile; fileRef = 6E5DA6551D3757AB00700D6D /* PeripheralManager.swift */; };
		6E5DA6591D37656000700D6D /* Async.swift in Sources */ = {isa = PBXBuildFile; fileRef = 6E5DA6581D37656000700D6D /* Async.swift */; };
		6E5DA65B1D37684A00700D6D /* Error.swift in Sources */ = {isa = PBXBuildFile; fileRef = 6E5DA65A1D37684A00700D6D /* Error.swift */; };
		6E5DA65D1D376ADC00700D6D /* BeaconController.swift in Sources */ = {isa = PBXBuildFile; fileRef = 6E5DA65C1D376ADC00700D6D /* BeaconController.swift */; };
		6E5DA65F1D376D5F00700D6D /* ErrorAlert.swift in Sources */ = {isa = PBXBuildFile; fileRef = 6E5DA65E1D376D5F00700D6D /* ErrorAlert.swift */; };
/* End PBXBuildFile section */

/* Begin PBXFileReference section */
		6E5DA60F1D37404200700D6D /* DemoPeripheral.app */ = {isa = PBXFileReference; explicitFileType = wrapper.application; includeInIndex = 0; path = DemoPeripheral.app; sourceTree = BUILT_PRODUCTS_DIR; };
		6E5DA6121D37404200700D6D /* AppDelegate.swift */ = {isa = PBXFileReference; lastKnownFileType = sourcecode.swift; path = AppDelegate.swift; sourceTree = "<group>"; };
		6E5DA6191D37404200700D6D /* Base */ = {isa = PBXFileReference; lastKnownFileType = file.storyboard; name = Base; path = Base.lproj/Main.storyboard; sourceTree = "<group>"; };
		6E5DA61B1D37404200700D6D /* Assets.xcassets */ = {isa = PBXFileReference; lastKnownFileType = folder.assetcatalog; path = Assets.xcassets; sourceTree = "<group>"; };
		6E5DA61E1D37404200700D6D /* Base */ = {isa = PBXFileReference; lastKnownFileType = file.storyboard; name = Base; path = Base.lproj/LaunchScreen.storyboard; sourceTree = "<group>"; };
		6E5DA6201D37404200700D6D /* Info.plist */ = {isa = PBXFileReference; lastKnownFileType = text.plist.xml; path = Info.plist; sourceTree = "<group>"; };
		6E5DA6261D37419C00700D6D /* PeripheralsViewController.swift */ = {isa = PBXFileReference; fileEncoding = 4; lastKnownFileType = sourcecode.swift; path = PeripheralsViewController.swift; sourceTree = "<group>"; };
		6E5DA62A1D37424E00700D6D /* GATTProfile.swift */ = {isa = PBXFileReference; fileEncoding = 4; lastKnownFileType = sourcecode.swift; path = GATTProfile.swift; sourceTree = "<group>"; };
		6E5DA62C1D3742FF00700D6D /* Bool.swift */ = {isa = PBXFileReference; fileEncoding = 4; lastKnownFileType = sourcecode.swift; path = Bool.swift; sourceTree = "<group>"; };
		6E5DA62E1D374B3500700D6D /* Beacon.swift */ = {isa = PBXFileReference; fileEncoding = 4; lastKnownFileType = sourcecode.swift; path = Beacon.swift; sourceTree = "<group>"; };
		6E5DA6301D374BFE00700D6D /* SunXi.swift */ = {isa = PBXFileReference; fileEncoding = 4; lastKnownFileType = sourcecode.swift; path = SunXi.swift; sourceTree = "<group>"; };
		6E5DA6311D374BFE00700D6D /* SwiftyGPIO.swift */ = {isa = PBXFileReference; fileEncoding = 4; lastKnownFileType = sourcecode.swift; path = SwiftyGPIO.swift; sourceTree = "<group>"; };
		6E5DA6341D374C3800700D6D /* main.swift */ = {isa = PBXFileReference; lastKnownFileType = sourcecode.swift; path = main.swift; sourceTree = "<group>"; };
		6E5DA6351D374C7000700D6D /* PeripheralController.swift */ = {isa = PBXFileReference; fileEncoding = 4; lastKnownFileType = sourcecode.swift; path = PeripheralController.swift; sourceTree = "<group>"; };
		6E5DA63D1D374F5E00700D6D /* PeripheralDaemon.app */ = {isa = PBXFileReference; explicitFileType = wrapper.application; includeInIndex = 0; path = PeripheralDaemon.app; sourceTree = BUILT_PRODUCTS_DIR; };
		6E5DA6461D374F5F00700D6D /* Info.plist */ = {isa = PBXFileReference; lastKnownFileType = text.plist.xml; path = Info.plist; sourceTree = "<group>"; };
		6E5DA6511D3753AF00700D6D /* Package.swift */ = {isa = PBXFileReference; fileEncoding = 4; lastKnownFileType = sourcecode.swift; name = Package.swift; path = ../Package.swift; sourceTree = "<group>"; };
		6E5DA6531D3753B800700D6D /* Cartfile */ = {isa = PBXFileReference; lastKnownFileType = text; name = Cartfile; path = ../Cartfile; sourceTree = "<group>"; };
		6E5DA6541D3757AB00700D6D /* Observable.swift */ = {isa = PBXFileReference; fileEncoding = 4; lastKnownFileType = sourcecode.swift; path = Observable.swift; sourceTree = "<group>"; };
		6E5DA6551D3757AB00700D6D /* PeripheralManager.swift */ = {isa = PBXFileReference; fileEncoding = 4; lastKnownFileType = sourcecode.swift; path = PeripheralManager.swift; sourceTree = "<group>"; };
		6E5DA6581D37656000700D6D /* Async.swift */ = {isa = PBXFileReference; fileEncoding = 4; lastKnownFileType = sourcecode.swift; path = Async.swift; sourceTree = "<group>"; };
		6E5DA65A1D37684A00700D6D /* Error.swift */ = {isa = PBXFileReference; fileEncoding = 4; lastKnownFileType = sourcecode.swift; path = Error.swift; sourceTree = "<group>"; };
		6E5DA65C1D376ADC00700D6D /* BeaconController.swift */ = {isa = PBXFileReference; fileEncoding = 4; lastKnownFileType = sourcecode.swift; path = BeaconController.swift; sourceTree = "<group>"; };
		6E5DA65E1D376D5F00700D6D /* ErrorAlert.swift */ = {isa = PBXFileReference; fileEncoding = 4; lastKnownFileType = sourcecode.swift; path = ErrorAlert.swift; sourceTree = "<group>"; };
/* End PBXFileReference section */

/* Begin PBXFrameworksBuildPhase section */
		6E5DA60C1D37404200700D6D /* Frameworks */ = {
			isa = PBXFrameworksBuildPhase;
			buildActionMask = 2147483647;
			files = (
			);
			runOnlyForDeploymentPostprocessing = 0;
		};
		6E5DA63A1D374F5E00700D6D /* Frameworks */ = {
			isa = PBXFrameworksBuildPhase;
			buildActionMask = 2147483647;
			files = (
			);
			runOnlyForDeploymentPostprocessing = 0;
		};
/* End PBXFrameworksBuildPhase section */

/* Begin PBXGroup section */
		6E5DA6061D37404200700D6D = {
			isa = PBXGroup;
			children = (
				6E5DA6511D3753AF00700D6D /* Package.swift */,
				6E5DA6531D3753B800700D6D /* Cartfile */,
				6E5DA6281D3741C000700D6D /* Sources */,
				6E5DA6111D37404200700D6D /* DemoPeripheral */,
				6E5DA63E1D374F5E00700D6D /* PeripheralDaemon */,
				6E5DA6101D37404200700D6D /* Products */,
			);
			sourceTree = "<group>";
		};
		6E5DA6101D37404200700D6D /* Products */ = {
			isa = PBXGroup;
			children = (
				6E5DA60F1D37404200700D6D /* DemoPeripheral.app */,
				6E5DA63D1D374F5E00700D6D /* PeripheralDaemon.app */,
			);
			name = Products;
			sourceTree = "<group>";
		};
		6E5DA6111D37404200700D6D /* DemoPeripheral */ = {
			isa = PBXGroup;
			children = (
				6E5DA6121D37404200700D6D /* AppDelegate.swift */,
				6E5DA6261D37419C00700D6D /* PeripheralsViewController.swift */,
				6E5DA6551D3757AB00700D6D /* PeripheralManager.swift */,
				6E5DA65C1D376ADC00700D6D /* BeaconController.swift */,
				6E5DA6541D3757AB00700D6D /* Observable.swift */,
				6E5DA6581D37656000700D6D /* Async.swift */,
				6E5DA65A1D37684A00700D6D /* Error.swift */,
				6E5DA65E1D376D5F00700D6D /* ErrorAlert.swift */,
				6E5DA6181D37404200700D6D /* Main.storyboard */,
				6E5DA61B1D37404200700D6D /* Assets.xcassets */,
				6E5DA61D1D37404200700D6D /* LaunchScreen.storyboard */,
				6E5DA6201D37404200700D6D /* Info.plist */,
			);
			path = DemoPeripheral;
			sourceTree = "<group>";
		};
		6E5DA6281D3741C000700D6D /* Sources */ = {
			isa = PBXGroup;
			children = (
				6E5DA6291D3741C000700D6D /* Peripheral */,
			);
			name = Sources;
			path = ../Sources;
			sourceTree = "<group>";
		};
		6E5DA6291D3741C000700D6D /* Peripheral */ = {
			isa = PBXGroup;
			children = (
				6E5DA6341D374C3800700D6D /* main.swift */,
				6E5DA6351D374C7000700D6D /* PeripheralController.swift */,
				6E5DA62E1D374B3500700D6D /* Beacon.swift */,
				6E5DA62A1D37424E00700D6D /* GATTProfile.swift */,
				6E5DA62C1D3742FF00700D6D /* Bool.swift */,
				6E5DA6301D374BFE00700D6D /* SunXi.swift */,
				6E5DA6311D374BFE00700D6D /* SwiftyGPIO.swift */,
			);
			path = Peripheral;
			sourceTree = "<group>";
		};
		6E5DA63E1D374F5E00700D6D /* PeripheralDaemon */ = {
			isa = PBXGroup;
			children = (
				6E5DA6461D374F5F00700D6D /* Info.plist */,
			);
			path = PeripheralDaemon;
			sourceTree = "<group>";
		};
/* End PBXGroup section */

/* Begin PBXNativeTarget section */
		6E5DA60E1D37404200700D6D /* DemoPeripheral */ = {
			isa = PBXNativeTarget;
			buildConfigurationList = 6E5DA6231D37404200700D6D /* Build configuration list for PBXNativeTarget "DemoPeripheral" */;
			buildPhases = (
				6E5DA60B1D37404200700D6D /* Sources */,
				6E5DA60C1D37404200700D6D /* Frameworks */,
				6E5DA60D1D37404200700D6D /* Resources */,
			);
			buildRules = (
			);
			dependencies = (
			);
			name = DemoPeripheral;
			productName = DemoPeripheral;
			productReference = 6E5DA60F1D37404200700D6D /* DemoPeripheral.app */;
			productType = "com.apple.product-type.application";
		};
		6E5DA63C1D374F5E00700D6D /* PeripheralDaemon */ = {
			isa = PBXNativeTarget;
			buildConfigurationList = 6E5DA6471D374F5F00700D6D /* Build configuration list for PBXNativeTarget "PeripheralDaemon" */;
			buildPhases = (
				6E5DA6391D374F5E00700D6D /* Sources */,
				6E5DA63A1D374F5E00700D6D /* Frameworks */,
				6E5DA63B1D374F5E00700D6D /* Resources */,
			);
			buildRules = (
			);
			dependencies = (
			);
			name = PeripheralDaemon;
			productName = PeripheralDaemon;
			productReference = 6E5DA63D1D374F5E00700D6D /* PeripheralDaemon.app */;
			productType = "com.apple.product-type.application";
		};
/* End PBXNativeTarget section */

/* Begin PBXProject section */
		6E5DA6071D37404200700D6D /* Project object */ = {
			isa = PBXProject;
			attributes = {
				LastSwiftUpdateCheck = 0800;
				LastUpgradeCheck = 0800;
				ORGANIZATIONNAME = ColemanCDA;
				TargetAttributes = {
					6E5DA60E1D37404200700D6D = {
						CreatedOnToolsVersion = 8.0;
						DevelopmentTeam = 458385Y4E3;
						DevelopmentTeamName = "Alsey Miller (Personal Team)";
						ProvisioningStyle = Automatic;
					};
					6E5DA63C1D374F5E00700D6D = {
						CreatedOnToolsVersion = 8.0;
						DevelopmentTeam = 4W79SG34MW;
						DevelopmentTeamName = "Robert Miller";
						ProvisioningStyle = Automatic;
					};
				};
			};
			buildConfigurationList = 6E5DA60A1D37404200700D6D /* Build configuration list for PBXProject "DemoPeripheral" */;
			compatibilityVersion = "Xcode 3.2";
			developmentRegion = English;
			hasScannedForEncodings = 0;
			knownRegions = (
				en,
				Base,
			);
			mainGroup = 6E5DA6061D37404200700D6D;
			productRefGroup = 6E5DA6101D37404200700D6D /* Products */;
			projectDirPath = "";
			projectRoot = "";
			targets = (
				6E5DA60E1D37404200700D6D /* DemoPeripheral */,
				6E5DA63C1D374F5E00700D6D /* PeripheralDaemon */,
			);
		};
/* End PBXProject section */

/* Begin PBXResourcesBuildPhase section */
		6E5DA60D1D37404200700D6D /* Resources */ = {
			isa = PBXResourcesBuildPhase;
			buildActionMask = 2147483647;
			files = (
				6E5DA61F1D37404200700D6D /* LaunchScreen.storyboard in Resources */,
				6E5DA61C1D37404200700D6D /* Assets.xcassets in Resources */,
				6E5DA61A1D37404200700D6D /* Main.storyboard in Resources */,
			);
			runOnlyForDeploymentPostprocessing = 0;
		};
		6E5DA63B1D374F5E00700D6D /* Resources */ = {
			isa = PBXResourcesBuildPhase;
			buildActionMask = 2147483647;
			files = (
			);
			runOnlyForDeploymentPostprocessing = 0;
		};
/* End PBXResourcesBuildPhase section */

/* Begin PBXSourcesBuildPhase section */
		6E5DA60B1D37404200700D6D /* Sources */ = {
			isa = PBXSourcesBuildPhase;
			buildActionMask = 2147483647;
			files = (
				6E5DA6571D3757AB00700D6D /* PeripheralManager.swift in Sources */,
				6E5DA65D1D376ADC00700D6D /* BeaconController.swift in Sources */,
				6E5DA6271D37419C00700D6D /* PeripheralsViewController.swift in Sources */,
				6E5DA62D1D3742FF00700D6D /* Bool.swift in Sources */,
				6E5DA65F1D376D5F00700D6D /* ErrorAlert.swift in Sources */,
				6E5DA6561D3757AB00700D6D /* Observable.swift in Sources */,
				6E5DA6591D37656000700D6D /* Async.swift in Sources */,
				6E5DA62F1D374B3500700D6D /* Beacon.swift in Sources */,
				6E5DA62B1D37424E00700D6D /* GATTProfile.swift in Sources */,
				6E5DA65B1D37684A00700D6D /* Error.swift in Sources */,
				6E5DA6131D37404200700D6D /* AppDelegate.swift in Sources */,
			);
			runOnlyForDeploymentPostprocessing = 0;
		};
		6E5DA6391D374F5E00700D6D /* Sources */ = {
			isa = PBXSourcesBuildPhase;
			buildActionMask = 2147483647;
			files = (
				6E5DA64A1D374F7B00700D6D /* main.swift in Sources */,
				6E5DA64D1D374F7B00700D6D /* GATTProfile.swift in Sources */,
				6E5DA64B1D374F7B00700D6D /* PeripheralController.swift in Sources */,
				6E5DA6501D374F7B00700D6D /* SwiftyGPIO.swift in Sources */,
				6E5DA64E1D374F7B00700D6D /* Bool.swift in Sources */,
				6E5DA64C1D374F7B00700D6D /* Beacon.swift in Sources */,
				6E5DA64F1D374F7B00700D6D /* SunXi.swift in Sources */,
			);
			runOnlyForDeploymentPostprocessing = 0;
		};
/* End PBXSourcesBuildPhase section */

/* Begin PBXVariantGroup section */
		6E5DA6181D37404200700D6D /* Main.storyboard */ = {
			isa = PBXVariantGroup;
			children = (
				6E5DA6191D37404200700D6D /* Base */,
			);
			name = Main.storyboard;
			sourceTree = "<group>";
		};
		6E5DA61D1D37404200700D6D /* LaunchScreen.storyboard */ = {
			isa = PBXVariantGroup;
			children = (
				6E5DA61E1D37404200700D6D /* Base */,
			);
			name = LaunchScreen.storyboard;
			sourceTree = "<group>";
		};
/* End PBXVariantGroup section */

/* Begin XCBuildConfiguration section */
		6E5DA6211D37404200700D6D /* Debug */ = {
			isa = XCBuildConfiguration;
			buildSettings = {
				ALWAYS_SEARCH_USER_PATHS = NO;
				CLANG_ANALYZER_NONNULL = YES;
				CLANG_CXX_LANGUAGE_STANDARD = "gnu++0x";
				CLANG_CXX_LIBRARY = "libc++";
				CLANG_ENABLE_MODULES = YES;
				CLANG_ENABLE_OBJC_ARC = YES;
				CLANG_WARN_BOOL_CONVERSION = YES;
				CLANG_WARN_CONSTANT_CONVERSION = YES;
				CLANG_WARN_DIRECT_OBJC_ISA_USAGE = YES_ERROR;
				CLANG_WARN_DOCUMENTATION_COMMENTS = YES;
				CLANG_WARN_EMPTY_BODY = YES;
				CLANG_WARN_ENUM_CONVERSION = YES;
				CLANG_WARN_INT_CONVERSION = YES;
				CLANG_WARN_OBJC_ROOT_CLASS = YES_ERROR;
				CLANG_WARN_UNREACHABLE_CODE = YES;
				CLANG_WARN__DUPLICATE_METHOD_MATCH = YES;
				"CODE_SIGN_IDENTITY[sdk=iphoneos*]" = "iPhone Developer";
				COPY_PHASE_STRIP = NO;
				DEBUG_INFORMATION_FORMAT = dwarf;
				ENABLE_STRICT_OBJC_MSGSEND = YES;
				ENABLE_TESTABILITY = YES;
				GCC_C_LANGUAGE_STANDARD = gnu99;
				GCC_DYNAMIC_NO_PIC = NO;
				GCC_NO_COMMON_BLOCKS = YES;
				GCC_OPTIMIZATION_LEVEL = 0;
				GCC_PREPROCESSOR_DEFINITIONS = (
					"DEBUG=1",
					"$(inherited)",
				);
				GCC_WARN_64_TO_32_BIT_CONVERSION = YES;
				GCC_WARN_ABOUT_RETURN_TYPE = YES_ERROR;
				GCC_WARN_UNDECLARED_SELECTOR = YES;
				GCC_WARN_UNINITIALIZED_AUTOS = YES_AGGRESSIVE;
				GCC_WARN_UNUSED_FUNCTION = YES;
				GCC_WARN_UNUSED_VARIABLE = YES;
				IPHONEOS_DEPLOYMENT_TARGET = 9.0;
				MTL_ENABLE_DEBUG_INFO = YES;
				ONLY_ACTIVE_ARCH = YES;
				SDKROOT = iphoneos;
				SWIFT_ACTIVE_COMPILATION_CONDITIONS = DEBUG;
				SWIFT_OPTIMIZATION_LEVEL = "-Onone";
				TARGETED_DEVICE_FAMILY = "1,2";
			};
			name = Debug;
		};
		6E5DA6221D37404200700D6D /* Release */ = {
			isa = XCBuildConfiguration;
			buildSettings = {
				ALWAYS_SEARCH_USER_PATHS = NO;
				CLANG_ANALYZER_NONNULL = YES;
				CLANG_CXX_LANGUAGE_STANDARD = "gnu++0x";
				CLANG_CXX_LIBRARY = "libc++";
				CLANG_ENABLE_MODULES = YES;
				CLANG_ENABLE_OBJC_ARC = YES;
				CLANG_WARN_BOOL_CONVERSION = YES;
				CLANG_WARN_CONSTANT_CONVERSION = YES;
				CLANG_WARN_DIRECT_OBJC_ISA_USAGE = YES_ERROR;
				CLANG_WARN_DOCUMENTATION_COMMENTS = YES;
				CLANG_WARN_EMPTY_BODY = YES;
				CLANG_WARN_ENUM_CONVERSION = YES;
				CLANG_WARN_INT_CONVERSION = YES;
				CLANG_WARN_OBJC_ROOT_CLASS = YES_ERROR;
				CLANG_WARN_UNREACHABLE_CODE = YES;
				CLANG_WARN__DUPLICATE_METHOD_MATCH = YES;
				"CODE_SIGN_IDENTITY[sdk=iphoneos*]" = "iPhone Developer";
				COPY_PHASE_STRIP = NO;
				DEBUG_INFORMATION_FORMAT = "dwarf-with-dsym";
				ENABLE_NS_ASSERTIONS = NO;
				ENABLE_STRICT_OBJC_MSGSEND = YES;
				GCC_C_LANGUAGE_STANDARD = gnu99;
				GCC_NO_COMMON_BLOCKS = YES;
				GCC_WARN_64_TO_32_BIT_CONVERSION = YES;
				GCC_WARN_ABOUT_RETURN_TYPE = YES_ERROR;
				GCC_WARN_UNDECLARED_SELECTOR = YES;
				GCC_WARN_UNINITIALIZED_AUTOS = YES_AGGRESSIVE;
				GCC_WARN_UNUSED_FUNCTION = YES;
				GCC_WARN_UNUSED_VARIABLE = YES;
				IPHONEOS_DEPLOYMENT_TARGET = 9.0;
				MTL_ENABLE_DEBUG_INFO = NO;
				SDKROOT = iphoneos;
				SWIFT_OPTIMIZATION_LEVEL = "-Owholemodule";
				TARGETED_DEVICE_FAMILY = "1,2";
				VALIDATE_PRODUCT = YES;
			};
			name = Release;
		};
		6E5DA6241D37404200700D6D /* Debug */ = {
			isa = XCBuildConfiguration;
			buildSettings = {
				ASSETCATALOG_COMPILER_APPICON_NAME = AppIcon;
				FRAMEWORK_SEARCH_PATHS = $SRCROOT/../Carthage/Build/iOS;
				INFOPLIST_FILE = DemoPeripheral/Info.plist;
				LD_RUNPATH_SEARCH_PATHS = "$(inherited) @executable_path/Frameworks";
				PRODUCT_BUNDLE_IDENTIFIER = com.colemancda.DemoPeripheral;
				PRODUCT_NAME = "$(TARGET_NAME)";
				SWIFT_VERSION = 3.0;
			};
			name = Debug;
		};
		6E5DA6251D37404200700D6D /* Release */ = {
			isa = XCBuildConfiguration;
			buildSettings = {
				ASSETCATALOG_COMPILER_APPICON_NAME = AppIcon;
				FRAMEWORK_SEARCH_PATHS = $SRCROOT/../Carthage/Build/iOS;
				INFOPLIST_FILE = DemoPeripheral/Info.plist;
				LD_RUNPATH_SEARCH_PATHS = "$(inherited) @executable_path/Frameworks";
				PRODUCT_BUNDLE_IDENTIFIER = com.colemancda.DemoPeripheral;
				PRODUCT_NAME = "$(TARGET_NAME)";
				SWIFT_VERSION = 3.0;
			};
			name = Release;
		};
		6E5DA6481D374F5F00700D6D /* Debug */ = {
			isa = XCBuildConfiguration;
			buildSettings = {
				ASSETCATALOG_COMPILER_APPICON_NAME = AppIcon;
				CODE_SIGN_IDENTITY = "-";
				COMBINE_HIDPI_IMAGES = YES;
				FRAMEWORK_SEARCH_PATHS = $SRCROOT/../Carthage/Build/Mac;
				INFOPLIST_FILE = PeripheralDaemon/Info.plist;
				LD_RUNPATH_SEARCH_PATHS = "$(inherited) @executable_path/../Frameworks";
				MACOSX_DEPLOYMENT_TARGET = 10.12;
				PRODUCT_BUNDLE_IDENTIFIER = com.colemancda.PeripheralDaemon;
				PRODUCT_NAME = "$(TARGET_NAME)";
				SDKROOT = macosx;
				SWIFT_VERSION = 3.0;
			};
			name = Debug;
		};
		6E5DA6491D374F5F00700D6D /* Release */ = {
			isa = XCBuildConfiguration;
			buildSettings = {
				ASSETCATALOG_COMPILER_APPICON_NAME = AppIcon;
				CODE_SIGN_IDENTITY = "-";
				COMBINE_HIDPI_IMAGES = YES;
				FRAMEWORK_SEARCH_PATHS = $SRCROOT/../Carthage/Build/Mac;
				INFOPLIST_FILE = PeripheralDaemon/Info.plist;
				LD_RUNPATH_SEARCH_PATHS = "$(inherited) @executable_path/../Frameworks";
				MACOSX_DEPLOYMENT_TARGET = 10.12;
				PRODUCT_BUNDLE_IDENTIFIER = com.colemancda.PeripheralDaemon;
				PRODUCT_NAME = "$(TARGET_NAME)";
				SDKROOT = macosx;
				SWIFT_VERSION = 3.0;
			};
			name = Release;
		};
/* End XCBuildConfiguration section */

/* Begin XCConfigurationList section */
		6E5DA60A1D37404200700D6D /* Build configuration list for PBXProject "DemoPeripheral" */ = {
			isa = XCConfigurationList;
			buildConfigurations = (
				6E5DA6211D37404200700D6D /* Debug */,
				6E5DA6221D37404200700D6D /* Release */,
			);
			defaultConfigurationIsVisible = 0;
			defaultConfigurationName = Release;
		};
		6E5DA6231D37404200700D6D /* Build configuration list for PBXNativeTarget "DemoPeripheral" */ = {
			isa = XCConfigurationList;
			buildConfigurations = (
				6E5DA6241D37404200700D6D /* Debug */,
				6E5DA6251D37404200700D6D /* Release */,
			);
			defaultConfigurationIsVisible = 0;
			defaultConfigurationName = Release;
		};
		6E5DA6471D374F5F00700D6D /* Build configuration list for PBXNativeTarget "PeripheralDaemon" */ = {
			isa = XCConfigurationList;
			buildConfigurations = (
				6E5DA6481D374F5F00700D6D /* Debug */,
				6E5DA6491D374F5F00700D6D /* Release */,
			);
			defaultConfigurationIsVisible = 0;
		};
/* End XCConfigurationList section */
	};
	rootObject = 6E5DA6071D37404200700D6D /* Project object */;
}
